// !$*UTF8*$!
{
	archiveVersion = 1;
	classes = {
	};
	objectVersion = 46;
	objects = {

/* Begin PBXBuildFile section */
		52E67EA11BF272300087D01C /* AppDelegate.swift in Sources */ = {isa = PBXBuildFile; fileRef = 52E67EA01BF272300087D01C /* AppDelegate.swift */; };
		52E67EA31BF272300087D01C /* ViewController.swift in Sources */ = {isa = PBXBuildFile; fileRef = 52E67EA21BF272300087D01C /* ViewController.swift */; };
		52E67EA61BF272300087D01C /* Main.storyboard in Resources */ = {isa = PBXBuildFile; fileRef = 52E67EA41BF272300087D01C /* Main.storyboard */; };
		52E67EA91BF272300087D01C /* NoteScroll.xcdatamodeld in Sources */ = {isa = PBXBuildFile; fileRef = 52E67EA71BF272300087D01C /* NoteScroll.xcdatamodeld */; };
		52E67EAB1BF272300087D01C /* Assets.xcassets in Resources */ = {isa = PBXBuildFile; fileRef = 52E67EAA1BF272300087D01C /* Assets.xcassets */; };
		52E67EAE1BF272300087D01C /* LaunchScreen.storyboard in Resources */ = {isa = PBXBuildFile; fileRef = 52E67EAC1BF272300087D01C /* LaunchScreen.storyboard */; };
		52E67EB91BF272300087D01C /* NoteScrollTests.swift in Sources */ = {isa = PBXBuildFile; fileRef = 52E67EB81BF272300087D01C /* NoteScrollTests.swift */; };
		52E67EC41BF272300087D01C /* NoteScrollUITests.swift in Sources */ = {isa = PBXBuildFile; fileRef = 52E67EC31BF272300087D01C /* NoteScrollUITests.swift */; };
/* End PBXBuildFile section */

/* Begin PBXContainerItemProxy section */
		52E67EB51BF272300087D01C /* PBXContainerItemProxy */ = {
			isa = PBXContainerItemProxy;
			containerPortal = 52E67E951BF272300087D01C /* Project object */;
			proxyType = 1;
			remoteGlobalIDString = 52E67E9C1BF272300087D01C;
			remoteInfo = NoteScroll;
		};
		52E67EC01BF272300087D01C /* PBXContainerItemProxy */ = {
			isa = PBXContainerItemProxy;
			containerPortal = 52E67E951BF272300087D01C /* Project object */;
			proxyType = 1;
			remoteGlobalIDString = 52E67E9C1BF272300087D01C;
			remoteInfo = NoteScroll;
		};
/* End PBXContainerItemProxy section */

/* Begin PBXFileReference section */
		52E67E9D1BF272300087D01C /* NoteScroll.app */ = {isa = PBXFileReference; explicitFileType = wrapper.application; includeInIndex = 0; path = NoteScroll.app; sourceTree = BUILT_PRODUCTS_DIR; };
		52E67EA01BF272300087D01C /* AppDelegate.swift */ = {isa = PBXFileReference; lastKnownFileType = sourcecode.swift; path = AppDelegate.swift; sourceTree = "<group>"; };
		52E67EA21BF272300087D01C /* ViewController.swift */ = {isa = PBXFileReference; lastKnownFileType = sourcecode.swift; path = ViewController.swift; sourceTree = "<group>"; };
		52E67EA51BF272300087D01C /* Base */ = {isa = PBXFileReference; lastKnownFileType = file.storyboard; name = Base; path = Base.lproj/Main.storyboard; sourceTree = "<group>"; };
		52E67EA81BF272300087D01C /* NoteScroll.xcdatamodel */ = {isa = PBXFileReference; lastKnownFileType = wrapper.xcdatamodel; path = NoteScroll.xcdatamodel; sourceTree = "<group>"; };
		52E67EAA1BF272300087D01C /* Assets.xcassets */ = {isa = PBXFileReference; lastKnownFileType = folder.assetcatalog; path = Assets.xcassets; sourceTree = "<group>"; };
		52E67EAD1BF272300087D01C /* Base */ = {isa = PBXFileReference; lastKnownFileType = file.storyboard; name = Base; path = Base.lproj/LaunchScreen.storyboard; sourceTree = "<group>"; };
		52E67EAF1BF272300087D01C /* Info.plist */ = {isa = PBXFileReference; lastKnownFileType = text.plist.xml; path = Info.plist; sourceTree = "<group>"; };
		52E67EB41BF272300087D01C /* NoteScrollTests.xctest */ = {isa = PBXFileReference; explicitFileType = wrapper.cfbundle; includeInIndex = 0; path = NoteScrollTests.xctest; sourceTree = BUILT_PRODUCTS_DIR; };
		52E67EB81BF272300087D01C /* NoteScrollTests.swift */ = {isa = PBXFileReference; lastKnownFileType = sourcecode.swift; path = NoteScrollTests.swift; sourceTree = "<group>"; };
		52E67EBA1BF272300087D01C /* Info.plist */ = {isa = PBXFileReference; lastKnownFileType = text.plist.xml; path = Info.plist; sourceTree = "<group>"; };
		52E67EBF1BF272300087D01C /* NoteScrollUITests.xctest */ = {isa = PBXFileReference; explicitFileType = wrapper.cfbundle; includeInIndex = 0; path = NoteScrollUITests.xctest; sourceTree = BUILT_PRODUCTS_DIR; };
		52E67EC31BF272300087D01C /* NoteScrollUITests.swift */ = {isa = PBXFileReference; lastKnownFileType = sourcecode.swift; path = NoteScrollUITests.swift; sourceTree = "<group>"; };
		52E67EC51BF272300087D01C /* Info.plist */ = {isa = PBXFileReference; lastKnownFileType = text.plist.xml; path = Info.plist; sourceTree = "<group>"; };
/* End PBXFileReference section */

/* Begin PBXFrameworksBuildPhase section */
		52E67E9A1BF272300087D01C /* Frameworks */ = {
			isa = PBXFrameworksBuildPhase;
			buildActionMask = 2147483647;
			files = (
			);
			runOnlyForDeploymentPostprocessing = 0;
		};
		52E67EB11BF272300087D01C /* Frameworks */ = {
			isa = PBXFrameworksBuildPhase;
			buildActionMask = 2147483647;
			files = (
			);
			runOnlyForDeploymentPostprocessing = 0;
		};
		52E67EBC1BF272300087D01C /* Frameworks */ = {
			isa = PBXFrameworksBuildPhase;
			buildActionMask = 2147483647;
			files = (
			);
			runOnlyForDeploymentPostprocessing = 0;
		};
/* End PBXFrameworksBuildPhase section */

/* Begin PBXGroup section */
		52E67E941BF272300087D01C = {
			isa = PBXGroup;
			children = (
				52E67E9F1BF272300087D01C /* NoteScroll */,
				52E67EB71BF272300087D01C /* NoteScrollTests */,
				52E67EC21BF272300087D01C /* NoteScrollUITests */,
				52E67E9E1BF272300087D01C /* Products */,
			);
			sourceTree = "<group>";
		};
		52E67E9E1BF272300087D01C /* Products */ = {
			isa = PBXGroup;
			children = (
				52E67E9D1BF272300087D01C /* NoteScroll.app */,
				52E67EB41BF272300087D01C /* NoteScrollTests.xctest */,
				52E67EBF1BF272300087D01C /* NoteScrollUITests.xctest */,
			);
			name = Products;
			sourceTree = "<group>";
		};
		52E67E9F1BF272300087D01C /* NoteScroll */ = {
			isa = PBXGroup;
			children = (
				52E67EA01BF272300087D01C /* AppDelegate.swift */,
				52E67EA21BF272300087D01C /* ViewController.swift */,
				52E67EA41BF272300087D01C /* Main.storyboard */,
				52E67EAA1BF272300087D01C /* Assets.xcassets */,
				52E67EAC1BF272300087D01C /* LaunchScreen.storyboard */,
				52E67EAF1BF272300087D01C /* Info.plist */,
				52E67EA71BF272300087D01C /* NoteScroll.xcdatamodeld */,
			);
			path = NoteScroll;
			sourceTree = "<group>";
		};
		52E67EB71BF272300087D01C /* NoteScrollTests */ = {
			isa = PBXGroup;
			children = (
				52E67EB81BF272300087D01C /* NoteScrollTests.swift */,
				52E67EBA1BF272300087D01C /* Info.plist */,
			);
			path = NoteScrollTests;
			sourceTree = "<group>";
		};
		52E67EC21BF272300087D01C /* NoteScrollUITests */ = {
			isa = PBXGroup;
			children = (
				52E67EC31BF272300087D01C /* NoteScrollUITests.swift */,
				52E67EC51BF272300087D01C /* Info.plist */,
			);
			path = NoteScrollUITests;
			sourceTree = "<group>";
		};
/* End PBXGroup section */

/* Begin PBXNativeTarget section */
		52E67E9C1BF272300087D01C /* NoteScroll */ = {
			isa = PBXNativeTarget;
			buildConfigurationList = 52E67EC81BF272300087D01C /* Build configuration list for PBXNativeTarget "NoteScroll" */;
			buildPhases = (
				52E67E991BF272300087D01C /* Sources */,
				52E67E9A1BF272300087D01C /* Frameworks */,
				52E67E9B1BF272300087D01C /* Resources */,
			);
			buildRules = (
			);
			dependencies = (
			);
			name = NoteScroll;
			productName = NoteScroll;
			productReference = 52E67E9D1BF272300087D01C /* NoteScroll.app */;
			productType = "com.apple.product-type.application";
		};
		52E67EB31BF272300087D01C /* NoteScrollTests */ = {
			isa = PBXNativeTarget;
			buildConfigurationList = 52E67ECB1BF272300087D01C /* Build configuration list for PBXNativeTarget "NoteScrollTests" */;
			buildPhases = (
				52E67EB01BF272300087D01C /* Sources */,
				52E67EB11BF272300087D01C /* Frameworks */,
				52E67EB21BF272300087D01C /* Resources */,
			);
			buildRules = (
			);
			dependencies = (
				52E67EB61BF272300087D01C /* PBXTargetDependency */,
			);
			name = NoteScrollTests;
			productName = NoteScrollTests;
			productReference = 52E67EB41BF272300087D01C /* NoteScrollTests.xctest */;
			productType = "com.apple.product-type.bundle.unit-test";
		};
		52E67EBE1BF272300087D01C /* NoteScrollUITests */ = {
			isa = PBXNativeTarget;
			buildConfigurationList = 52E67ECE1BF272300087D01C /* Build configuration list for PBXNativeTarget "NoteScrollUITests" */;
			buildPhases = (
				52E67EBB1BF272300087D01C /* Sources */,
				52E67EBC1BF272300087D01C /* Frameworks */,
				52E67EBD1BF272300087D01C /* Resources */,
			);
			buildRules = (
			);
			dependencies = (
				52E67EC11BF272300087D01C /* PBXTargetDependency */,
			);
			name = NoteScrollUITests;
			productName = NoteScrollUITests;
			productReference = 52E67EBF1BF272300087D01C /* NoteScrollUITests.xctest */;
			productType = "com.apple.product-type.bundle.ui-testing";
		};
/* End PBXNativeTarget section */

/* Begin PBXProject section */
		52E67E951BF272300087D01C /* Project object */ = {
			isa = PBXProject;
			attributes = {
				LastUpgradeCheck = 0700;
				ORGANIZATIONNAME = "John Kelley";
				TargetAttributes = {
					52E67E9C1BF272300087D01C = {
						CreatedOnToolsVersion = 7.0.1;
						DevelopmentTeam = 4D64HVT3U8;
					};
					52E67EB31BF272300087D01C = {
						CreatedOnToolsVersion = 7.0.1;
						TestTargetID = 52E67E9C1BF272300087D01C;
					};
					52E67EBE1BF272300087D01C = {
						CreatedOnToolsVersion = 7.0.1;
						TestTargetID = 52E67E9C1BF272300087D01C;
					};
				};
			};
			buildConfigurationList = 52E67E981BF272300087D01C /* Build configuration list for PBXProject "NoteScroll" */;
			compatibilityVersion = "Xcode 3.2";
			developmentRegion = English;
			hasScannedForEncodings = 0;
			knownRegions = (
				en,
				Base,
			);
			mainGroup = 52E67E941BF272300087D01C;
			productRefGroup = 52E67E9E1BF272300087D01C /* Products */;
			projectDirPath = "";
			projectRoot = "";
			targets = (
				52E67E9C1BF272300087D01C /* NoteScroll */,
				52E67EB31BF272300087D01C /* NoteScrollTests */,
				52E67EBE1BF272300087D01C /* NoteScrollUITests */,
			);
		};
/* End PBXProject section */

/* Begin PBXResourcesBuildPhase section */
		52E67E9B1BF272300087D01C /* Resources */ = {
			isa = PBXResourcesBuildPhase;
			buildActionMask = 2147483647;
			files = (
				52E67EAE1BF272300087D01C /* LaunchScreen.storyboard in Resources */,
				52E67EAB1BF272300087D01C /* Assets.xcassets in Resources */,
				52E67EA61BF272300087D01C /* Main.storyboard in Resources */,
			);
			runOnlyForDeploymentPostprocessing = 0;
		};
		52E67EB21BF272300087D01C /* Resources */ = {
			isa = PBXResourcesBuildPhase;
			buildActionMask = 2147483647;
			files = (
			);
			runOnlyForDeploymentPostprocessing = 0;
		};
		52E67EBD1BF272300087D01C /* Resources */ = {
			isa = PBXResourcesBuildPhase;
			buildActionMask = 2147483647;
			files = (
			);
			runOnlyForDeploymentPostprocessing = 0;
		};
/* End PBXResourcesBuildPhase section */

/* Begin PBXSourcesBuildPhase section */
		52E67E991BF272300087D01C /* Sources */ = {
			isa = PBXSourcesBuildPhase;
			buildActionMask = 2147483647;
			files = (
				52E67EA31BF272300087D01C /* ViewController.swift in Sources */,
				52E67EA91BF272300087D01C /* NoteScroll.xcdatamodeld in Sources */,
				52E67EA11BF272300087D01C /* AppDelegate.swift in Sources */,
			);
			runOnlyForDeploymentPostprocessing = 0;
		};
		52E67EB01BF272300087D01C /* Sources */ = {
			isa = PBXSourcesBuildPhase;
			buildActionMask = 2147483647;
			files = (
				52E67EB91BF272300087D01C /* NoteScrollTests.swift in Sources */,
			);
			runOnlyForDeploymentPostprocessing = 0;
		};
		52E67EBB1BF272300087D01C /* Sources */ = {
			isa = PBXSourcesBuildPhase;
			buildActionMask = 2147483647;
			files = (
				52E67EC41BF272300087D01C /* NoteScrollUITests.swift in Sources */,
			);
			runOnlyForDeploymentPostprocessing = 0;
		};
/* End PBXSourcesBuildPhase section */

/* Begin PBXTargetDependency section */
		52E67EB61BF272300087D01C /* PBXTargetDependency */ = {
			isa = PBXTargetDependency;
			target = 52E67E9C1BF272300087D01C /* NoteScroll */;
			targetProxy = 52E67EB51BF272300087D01C /* PBXContainerItemProxy */;
		};
		52E67EC11BF272300087D01C /* PBXTargetDependency */ = {
			isa = PBXTargetDependency;
			target = 52E67E9C1BF272300087D01C /* NoteScroll */;
			targetProxy = 52E67EC01BF272300087D01C /* PBXContainerItemProxy */;
		};
/* End PBXTargetDependency section */

/* Begin PBXVariantGroup section */
		52E67EA41BF272300087D01C /* Main.storyboard */ = {
			isa = PBXVariantGroup;
			children = (
				52E67EA51BF272300087D01C /* Base */,
			);
			name = Main.storyboard;
			sourceTree = "<group>";
		};
		52E67EAC1BF272300087D01C /* LaunchScreen.storyboard */ = {
			isa = PBXVariantGroup;
			children = (
				52E67EAD1BF272300087D01C /* Base */,
			);
			name = LaunchScreen.storyboard;
			sourceTree = "<group>";
		};
/* End PBXVariantGroup section */

/* Begin XCBuildConfiguration section */
		52E67EC61BF272300087D01C /* Debug */ = {
			isa = XCBuildConfiguration;
			buildSettings = {
				ALWAYS_SEARCH_USER_PATHS = NO;
				CLANG_CXX_LANGUAGE_STANDARD = "gnu++0x";
				CLANG_CXX_LIBRARY = "libc++";
				CLANG_ENABLE_MODULES = YES;
				CLANG_ENABLE_OBJC_ARC = YES;
				CLANG_WARN_BOOL_CONVERSION = YES;
				CLANG_WARN_CONSTANT_CONVERSION = YES;
				CLANG_WARN_DIRECT_OBJC_ISA_USAGE = YES_ERROR;
				CLANG_WARN_EMPTY_BODY = YES;
				CLANG_WARN_ENUM_CONVERSION = YES;
				CLANG_WARN_INT_CONVERSION = YES;
				CLANG_WARN_OBJC_ROOT_CLASS = YES_ERROR;
				CLANG_WARN_UNREACHABLE_CODE = YES;
				CLANG_WARN__DUPLICATE_METHOD_MATCH = YES;
				"CODE_SIGN_IDENTITY[sdk=iphoneos*]" = "iPhone Developer";
				COPY_PHASE_STRIP = NO;
				DEBUG_INFORMATION_FORMAT = dwarf;
				ENABLE_STRICT_OBJC_MSGSEND = YES;
				ENABLE_TESTABILITY = YES;
				GCC_C_LANGUAGE_STANDARD = gnu99;
				GCC_DYNAMIC_NO_PIC = NO;
				GCC_NO_COMMON_BLOCKS = YES;
				GCC_OPTIMIZATION_LEVEL = 0;
				GCC_PREPROCESSOR_DEFINITIONS = (
					"DEBUG=1",
					"$(inherited)",
				);
				GCC_WARN_64_TO_32_BIT_CONVERSION = YES;
				GCC_WARN_ABOUT_RETURN_TYPE = YES_ERROR;
				GCC_WARN_UNDECLARED_SELECTOR = YES;
				GCC_WARN_UNINITIALIZED_AUTOS = YES_AGGRESSIVE;
				GCC_WARN_UNUSED_FUNCTION = YES;
				GCC_WARN_UNUSED_VARIABLE = YES;
				IPHONEOS_DEPLOYMENT_TARGET = 9.0;
				MTL_ENABLE_DEBUG_INFO = YES;
				ONLY_ACTIVE_ARCH = YES;
				SDKROOT = iphoneos;
				SWIFT_OPTIMIZATION_LEVEL = "-Onone";
				TARGETED_DEVICE_FAMILY = "1,2";
			};
			name = Debug;
		};
		52E67EC71BF272300087D01C /* Release */ = {
			isa = XCBuildConfiguration;
			buildSettings = {
				ALWAYS_SEARCH_USER_PATHS = NO;
				CLANG_CXX_LANGUAGE_STANDARD = "gnu++0x";
				CLANG_CXX_LIBRARY = "libc++";
				CLANG_ENABLE_MODULES = YES;
				CLANG_ENABLE_OBJC_ARC = YES;
				CLANG_WARN_BOOL_CONVERSION = YES;
				CLANG_WARN_CONSTANT_CONVERSION = YES;
				CLANG_WARN_DIRECT_OBJC_ISA_USAGE = YES_ERROR;
				CLANG_WARN_EMPTY_BODY = YES;
				CLANG_WARN_ENUM_CONVERSION = YES;
				CLANG_WARN_INT_CONVERSION = YES;
				CLANG_WARN_OBJC_ROOT_CLASS = YES_ERROR;
				CLANG_WARN_UNREACHABLE_CODE = YES;
				CLANG_WARN__DUPLICATE_METHOD_MATCH = YES;
				"CODE_SIGN_IDENTITY[sdk=iphoneos*]" = "iPhone Developer";
				COPY_PHASE_STRIP = NO;
				DEBUG_INFORMATION_FORMAT = "dwarf-with-dsym";
				ENABLE_NS_ASSERTIONS = NO;
				ENABLE_STRICT_OBJC_MSGSEND = YES;
				GCC_C_LANGUAGE_STANDARD = gnu99;
				GCC_NO_COMMON_BLOCKS = YES;
				GCC_WARN_64_TO_32_BIT_CONVERSION = YES;
				GCC_WARN_ABOUT_RETURN_TYPE = YES_ERROR;
				GCC_WARN_UNDECLARED_SELECTOR = YES;
				GCC_WARN_UNINITIALIZED_AUTOS = YES_AGGRESSIVE;
				GCC_WARN_UNUSED_FUNCTION = YES;
				GCC_WARN_UNUSED_VARIABLE = YES;
				IPHONEOS_DEPLOYMENT_TARGET = 9.0;
				MTL_ENABLE_DEBUG_INFO = NO;
				SDKROOT = iphoneos;
				TARGETED_DEVICE_FAMILY = "1,2";
				VALIDATE_PRODUCT = YES;
			};
			name = Release;
		};
		52E67EC91BF272300087D01C /* Debug */ = {
			isa = XCBuildConfiguration;
			buildSettings = {
				ASSETCATALOG_COMPILER_APPICON_NAME = AppIcon;
				CODE_SIGN_IDENTITY = "iPhone Developer";
				"CODE_SIGN_IDENTITY[sdk=iphoneos*]" = "iPhone Developer";
				INFOPLIST_FILE = NoteScroll/Info.plist;
				LD_RUNPATH_SEARCH_PATHS = "$(inherited) @executable_path/Frameworks";
				PRODUCT_BUNDLE_IDENTIFIER = com.johnkelley.NoteScroll;
				PRODUCT_NAME = "$(TARGET_NAME)";
				PROVISIONING_PROFILE = "";
			};
			name = Debug;
		};
		52E67ECA1BF272300087D01C /* Release */ = {
			isa = XCBuildConfiguration;
			buildSettings = {
				ASSETCATALOG_COMPILER_APPICON_NAME = AppIcon;
				CODE_SIGN_IDENTITY = "iPhone Developer";
				"CODE_SIGN_IDENTITY[sdk=iphoneos*]" = "iPhone Developer";
				INFOPLIST_FILE = NoteScroll/Info.plist;
				LD_RUNPATH_SEARCH_PATHS = "$(inherited) @executable_path/Frameworks";
				PRODUCT_BUNDLE_IDENTIFIER = com.johnkelley.NoteScroll;
				PRODUCT_NAME = "$(TARGET_NAME)";
				PROVISIONING_PROFILE = "";
			};
			name = Release;
		};
		52E67ECC1BF272300087D01C /* Debug */ = {
			isa = XCBuildConfiguration;
			buildSettings = {
				BUNDLE_LOADER = "$(TEST_HOST)";
				INFOPLIST_FILE = NoteScrollTests/Info.plist;
				LD_RUNPATH_SEARCH_PATHS = "$(inherited) @executable_path/Frameworks @loader_path/Frameworks";
				PRODUCT_BUNDLE_IDENTIFIER = com.johnkelley.NoteScrollTests;
				PRODUCT_NAME = "$(TARGET_NAME)";
				TEST_HOST = "$(BUILT_PRODUCTS_DIR)/NoteScroll.app/NoteScroll";
			};
			name = Debug;
		};
		52E67ECD1BF272300087D01C /* Release */ = {
			isa = XCBuildConfiguration;
			buildSettings = {
				BUNDLE_LOADER = "$(TEST_HOST)";
				INFOPLIST_FILE = NoteScrollTests/Info.plist;
				LD_RUNPATH_SEARCH_PATHS = "$(inherited) @executable_path/Frameworks @loader_path/Frameworks";
				PRODUCT_BUNDLE_IDENTIFIER = com.johnkelley.NoteScrollTests;
				PRODUCT_NAME = "$(TARGET_NAME)";
				TEST_HOST = "$(BUILT_PRODUCTS_DIR)/NoteScroll.app/NoteScroll";
			};
			name = Release;
		};
		52E67ECF1BF272300087D01C /* Debug */ = {
			isa = XCBuildConfiguration;
			buildSettings = {
				INFOPLIST_FILE = NoteScrollUITests/Info.plist;
				LD_RUNPATH_SEARCH_PATHS = "$(inherited) @executable_path/Frameworks @loader_path/Frameworks";
				PRODUCT_BUNDLE_IDENTIFIER = com.johnkelley.NoteScrollUITests;
				PRODUCT_NAME = "$(TARGET_NAME)";
				TEST_TARGET_NAME = NoteScroll;
				USES_XCTRUNNER = YES;
			};
			name = Debug;
		};
		52E67ED01BF272300087D01C /* Release */ = {
			isa = XCBuildConfiguration;
			buildSettings = {
				INFOPLIST_FILE = NoteScrollUITests/Info.plist;
				LD_RUNPATH_SEARCH_PATHS = "$(inherited) @executable_path/Frameworks @loader_path/Frameworks";
				PRODUCT_BUNDLE_IDENTIFIER = com.johnkelley.NoteScrollUITests;
				PRODUCT_NAME = "$(TARGET_NAME)";
				TEST_TARGET_NAME = NoteScroll;
				USES_XCTRUNNER = YES;
			};
			name = Release;
		};
/* End XCBuildConfiguration section */

/* Begin XCConfigurationList section */
		52E67E981BF272300087D01C /* Build configuration list for PBXProject "NoteScroll" */ = {
			isa = XCConfigurationList;
			buildConfigurations = (
				52E67EC61BF272300087D01C /* Debug */,
				52E67EC71BF272300087D01C /* Release */,
			);
			defaultConfigurationIsVisible = 0;
			defaultConfigurationName = Release;
		};
		52E67EC81BF272300087D01C /* Build configuration list for PBXNativeTarget "NoteScroll" */ = {
			isa = XCConfigurationList;
			buildConfigurations = (
				52E67EC91BF272300087D01C /* Debug */,
				52E67ECA1BF272300087D01C /* Release */,
			);
			defaultConfigurationIsVisible = 0;
			defaultConfigurationName = Release;
		};
		52E67ECB1BF272300087D01C /* Build configuration list for PBXNativeTarget "NoteScrollTests" */ = {
			isa = XCConfigurationList;
			buildConfigurations = (
				52E67ECC1BF272300087D01C /* Debug */,
				52E67ECD1BF272300087D01C /* Release */,
			);
			defaultConfigurationIsVisible = 0;
			defaultConfigurationName = Release;
		};
		52E67ECE1BF272300087D01C /* Build configuration list for PBXNativeTarget "NoteScrollUITests" */ = {
			isa = XCConfigurationList;
			buildConfigurations = (
				52E67ECF1BF272300087D01C /* Debug */,
				52E67ED01BF272300087D01C /* Release */,
			);
			defaultConfigurationIsVisible = 0;
			defaultConfigurationName = Release;
		};
/* End XCConfigurationList section */

/* Begin XCVersionGroup section */
		52E67EA71BF272300087D01C /* NoteScroll.xcdatamodeld */ = {
			isa = XCVersionGroup;
			children = (
				52E67EA81BF272300087D01C /* NoteScroll.xcdatamodel */,
			);
			currentVersion = 52E67EA81BF272300087D01C /* NoteScroll.xcdatamodel */;
			path = NoteScroll.xcdatamodeld;
			sourceTree = "<group>";
			versionGroupType = wrapper.xcdatamodel;
		};
/* End XCVersionGroup section */
	};
	rootObject = 52E67E951BF272300087D01C /* Project object */;
}
